
Microsoft Visual Studio Solution File, Format Version 12.00
# Visual Studio 15
VisualStudioVersion = 15.0.28010.2050
MinimumVisualStudioVersion = 10.0.40219.1
Project("{FAE04EC0-301F-11D3-BF4B-00C04F79EFBC}") = "pettyPurseApp.Android", "pettyPurseApp\pettyPurseApp.Android\pettyPurseApp.Android.csproj", "{B2516576-27C6-4AD7-93DC-7F3DD9E1B06E}"
EndProject
Project("{FAE04EC0-301F-11D3-BF4B-00C04F79EFBC}") = "pettyPurseApp.iOS", "pettyPurseApp\pettyPurseApp.iOS\pettyPurseApp.iOS.csproj", "{EDE337AC-9741-4B41-9540-A1500611BD43}"
EndProject
Project("{FAE04EC0-301F-11D3-BF4B-00C04F79EFBC}") = "pettyPurseApp.UWP", "pettyPurseApp\pettyPurseApp.UWP\pettyPurseApp.UWP.csproj", "{BD2079BE-3756-47B1-A0C1-4B9C2897C5EA}"
EndProject
Project("{D954291E-2A0B-460D-934E-DC6B0785DB48}") = "pettyPurseApp", "pettyPurseApp\pettyPurseApp\pettyPurseApp.shproj", "{CF49632D-DD55-4E50-A7DE-438FEC29E398}"
EndProject
Global
	GlobalSection(SharedMSBuildProjectFiles) = preSolution
		pettyPurseApp\pettyPurseApp\pettyPurseApp.projitems*{b2516576-27c6-4ad7-93dc-7f3dd9e1b06e}*SharedItemsImports = 4
		pettyPurseApp\pettyPurseApp\pettyPurseApp.projitems*{bd2079be-3756-47b1-a0c1-4b9c2897c5ea}*SharedItemsImports = 4
		pettyPurseApp\pettyPurseApp\pettyPurseApp.projitems*{cf49632d-dd55-4e50-a7de-438fec29e398}*SharedItemsImports = 13
		pettyPurseApp\pettyPurseApp\pettyPurseApp.projitems*{ede337ac-9741-4b41-9540-a1500611bd43}*SharedItemsImports = 4
	EndGlobalSection
	GlobalSection(SolutionConfigurationPlatforms) = preSolution
		Ad-Hoc|Any CPU = Ad-Hoc|Any CPU
		Ad-Hoc|ARM = Ad-Hoc|ARM
		Ad-Hoc|iPhone = Ad-Hoc|iPhone
		Ad-Hoc|iPhoneSimulator = Ad-Hoc|iPhoneSimulator
		Ad-Hoc|x64 = Ad-Hoc|x64
		Ad-Hoc|x86 = Ad-Hoc|x86
		AppStore|Any CPU = AppStore|Any CPU
		AppStore|ARM = AppStore|ARM
		AppStore|iPhone = AppStore|iPhone
		AppStore|iPhoneSimulator = AppStore|iPhoneSimulator
		AppStore|x64 = AppStore|x64
		AppStore|x86 = AppStore|x86
		Debug|Any CPU = Debug|Any CPU
		Debug|ARM = Debug|ARM
		Debug|iPhone = Debug|iPhone
		Debug|iPhoneSimulator = Debug|iPhoneSimulator
		Debug|x64 = Debug|x64
		Debug|x86 = Debug|x86
		Release|Any CPU = Release|Any CPU
		Release|ARM = Release|ARM
		Release|iPhone = Release|iPhone
		Release|iPhoneSimulator = Release|iPhoneSimulator
		Release|x64 = Release|x64
		Release|x86 = Release|x86
	EndGlobalSection
	GlobalSection(ProjectConfigurationPlatforms) = postSolution
		{B2516576-27C6-4AD7-93DC-7F3DD9E1B06E}.Ad-Hoc|Any CPU.ActiveCfg = Release|Any CPU
		{B2516576-27C6-4AD7-93DC-7F3DD9E1B06E}.Ad-Hoc|Any CPU.Build.0 = Release|Any CPU
		{B2516576-27C6-4AD7-93DC-7F3DD9E1B06E}.Ad-Hoc|Any CPU.Deploy.0 = Release|Any CPU
		{B2516576-27C6-4AD7-93DC-7F3DD9E1B06E}.Ad-Hoc|ARM.ActiveCfg = Release|Any CPU
		{B2516576-27C6-4AD7-93DC-7F3DD9E1B06E}.Ad-Hoc|ARM.Build.0 = Release|Any CPU
		{B2516576-27C6-4AD7-93DC-7F3DD9E1B06E}.Ad-Hoc|ARM.Deploy.0 = Release|Any CPU
		{B2516576-27C6-4AD7-93DC-7F3DD9E1B06E}.Ad-Hoc|iPhone.ActiveCfg = Release|Any CPU
		{B2516576-27C6-4AD7-93DC-7F3DD9E1B06E}.Ad-Hoc|iPhone.Build.0 = Release|Any CPU
		{B2516576-27C6-4AD7-93DC-7F3DD9E1B06E}.Ad-Hoc|iPhone.Deploy.0 = Release|Any CPU
		{B2516576-27C6-4AD7-93DC-7F3DD9E1B06E}.Ad-Hoc|iPhoneSimulator.ActiveCfg = Release|Any CPU
		{B2516576-27C6-4AD7-93DC-7F3DD9E1B06E}.Ad-Hoc|iPhoneSimulator.Build.0 = Release|Any CPU
		{B2516576-27C6-4AD7-93DC-7F3DD9E1B06E}.Ad-Hoc|iPhoneSimulator.Deploy.0 = Release|Any CPU
		{B2516576-27C6-4AD7-93DC-7F3DD9E1B06E}.Ad-Hoc|x64.ActiveCfg = Release|Any CPU
		{B2516576-27C6-4AD7-93DC-7F3DD9E1B06E}.Ad-Hoc|x64.Build.0 = Release|Any CPU
		{B2516576-27C6-4AD7-93DC-7F3DD9E1B06E}.Ad-Hoc|x64.Deploy.0 = Release|Any CPU
		{B2516576-27C6-4AD7-93DC-7F3DD9E1B06E}.Ad-Hoc|x86.ActiveCfg = Release|Any CPU
		{B2516576-27C6-4AD7-93DC-7F3DD9E1B06E}.Ad-Hoc|x86.Build.0 = Release|Any CPU
		{B2516576-27C6-4AD7-93DC-7F3DD9E1B06E}.Ad-Hoc|x86.Deploy.0 = Release|Any CPU
		{B2516576-27C6-4AD7-93DC-7F3DD9E1B06E}.AppStore|Any CPU.ActiveCfg = Release|Any CPU
		{B2516576-27C6-4AD7-93DC-7F3DD9E1B06E}.AppStore|Any CPU.Build.0 = Release|Any CPU
		{B2516576-27C6-4AD7-93DC-7F3DD9E1B06E}.AppStore|Any CPU.Deploy.0 = Release|Any CPU
		{B2516576-27C6-4AD7-93DC-7F3DD9E1B06E}.AppStore|ARM.ActiveCfg = Release|Any CPU
		{B2516576-27C6-4AD7-93DC-7F3DD9E1B06E}.AppStore|ARM.Build.0 = Release|Any CPU
		{B2516576-27C6-4AD7-93DC-7F3DD9E1B06E}.AppStore|ARM.Deploy.0 = Release|Any CPU
		{B2516576-27C6-4AD7-93DC-7F3DD9E1B06E}.AppStore|iPhone.ActiveCfg = Release|Any CPU
		{B2516576-27C6-4AD7-93DC-7F3DD9E1B06E}.AppStore|iPhone.Build.0 = Release|Any CPU
		{B2516576-27C6-4AD7-93DC-7F3DD9E1B06E}.AppStore|iPhone.Deploy.0 = Release|Any CPU
		{B2516576-27C6-4AD7-93DC-7F3DD9E1B06E}.AppStore|iPhoneSimulator.ActiveCfg = Release|Any CPU
		{B2516576-27C6-4AD7-93DC-7F3DD9E1B06E}.AppStore|iPhoneSimulator.Build.0 = Release|Any CPU
		{B2516576-27C6-4AD7-93DC-7F3DD9E1B06E}.AppStore|iPhoneSimulator.Deploy.0 = Release|Any CPU
		{B2516576-27C6-4AD7-93DC-7F3DD9E1B06E}.AppStore|x64.ActiveCfg = Release|Any CPU
		{B2516576-27C6-4AD7-93DC-7F3DD9E1B06E}.AppStore|x64.Build.0 = Release|Any CPU
		{B2516576-27C6-4AD7-93DC-7F3DD9E1B06E}.AppStore|x64.Deploy.0 = Release|Any CPU
		{B2516576-27C6-4AD7-93DC-7F3DD9E1B06E}.AppStore|x86.ActiveCfg = Release|Any CPU
		{B2516576-27C6-4AD7-93DC-7F3DD9E1B06E}.AppStore|x86.Build.0 = Release|Any CPU
		{B2516576-27C6-4AD7-93DC-7F3DD9E1B06E}.AppStore|x86.Deploy.0 = Release|Any CPU
		{B2516576-27C6-4AD7-93DC-7F3DD9E1B06E}.Debug|Any CPU.ActiveCfg = Debug|Any CPU
		{B2516576-27C6-4AD7-93DC-7F3DD9E1B06E}.Debug|Any CPU.Build.0 = Debug|Any CPU
		{B2516576-27C6-4AD7-93DC-7F3DD9E1B06E}.Debug|Any CPU.Deploy.0 = Debug|Any CPU
		{B2516576-27C6-4AD7-93DC-7F3DD9E1B06E}.Debug|ARM.ActiveCfg = Debug|Any CPU
		{B2516576-27C6-4AD7-93DC-7F3DD9E1B06E}.Debug|ARM.Build.0 = Debug|Any CPU
		{B2516576-27C6-4AD7-93DC-7F3DD9E1B06E}.Debug|ARM.Deploy.0 = Debug|Any CPU
		{B2516576-27C6-4AD7-93DC-7F3DD9E1B06E}.Debug|iPhone.ActiveCfg = Debug|Any CPU
		{B2516576-27C6-4AD7-93DC-7F3DD9E1B06E}.Debug|iPhone.Build.0 = Debug|Any CPU
		{B2516576-27C6-4AD7-93DC-7F3DD9E1B06E}.Debug|iPhone.Deploy.0 = Debug|Any CPU
		{B2516576-27C6-4AD7-93DC-7F3DD9E1B06E}.Debug|iPhoneSimulator.ActiveCfg = Debug|Any CPU
		{B2516576-27C6-4AD7-93DC-7F3DD9E1B06E}.Debug|iPhoneSimulator.Build.0 = Debug|Any CPU
		{B2516576-27C6-4AD7-93DC-7F3DD9E1B06E}.Debug|iPhoneSimulator.Deploy.0 = Debug|Any CPU
		{B2516576-27C6-4AD7-93DC-7F3DD9E1B06E}.Debug|x64.ActiveCfg = Debug|Any CPU
		{B2516576-27C6-4AD7-93DC-7F3DD9E1B06E}.Debug|x64.Build.0 = Debug|Any CPU
		{B2516576-27C6-4AD7-93DC-7F3DD9E1B06E}.Debug|x64.Deploy.0 = Debug|Any CPU
		{B2516576-27C6-4AD7-93DC-7F3DD9E1B06E}.Debug|x86.ActiveCfg = Debug|Any CPU
		{B2516576-27C6-4AD7-93DC-7F3DD9E1B06E}.Debug|x86.Build.0 = Debug|Any CPU
		{B2516576-27C6-4AD7-93DC-7F3DD9E1B06E}.Debug|x86.Deploy.0 = Debug|Any CPU
		{B2516576-27C6-4AD7-93DC-7F3DD9E1B06E}.Release|Any CPU.ActiveCfg = Release|Any CPU
		{B2516576-27C6-4AD7-93DC-7F3DD9E1B06E}.Release|Any CPU.Build.0 = Release|Any CPU
		{B2516576-27C6-4AD7-93DC-7F3DD9E1B06E}.Release|Any CPU.Deploy.0 = Release|Any CPU
		{B2516576-27C6-4AD7-93DC-7F3DD9E1B06E}.Release|ARM.ActiveCfg = Release|Any CPU
		{B2516576-27C6-4AD7-93DC-7F3DD9E1B06E}.Release|ARM.Build.0 = Release|Any CPU
		{B2516576-27C6-4AD7-93DC-7F3DD9E1B06E}.Release|ARM.Deploy.0 = Release|Any CPU
		{B2516576-27C6-4AD7-93DC-7F3DD9E1B06E}.Release|iPhone.ActiveCfg = Release|Any CPU
		{B2516576-27C6-4AD7-93DC-7F3DD9E1B06E}.Release|iPhone.Build.0 = Release|Any CPU
		{B2516576-27C6-4AD7-93DC-7F3DD9E1B06E}.Release|iPhone.Deploy.0 = Release|Any CPU
		{B2516576-27C6-4AD7-93DC-7F3DD9E1B06E}.Release|iPhoneSimulator.ActiveCfg = Release|Any CPU
		{B2516576-27C6-4AD7-93DC-7F3DD9E1B06E}.Release|iPhoneSimulator.Build.0 = Release|Any CPU
		{B2516576-27C6-4AD7-93DC-7F3DD9E1B06E}.Release|iPhoneSimulator.Deploy.0 = Release|Any CPU
		{B2516576-27C6-4AD7-93DC-7F3DD9E1B06E}.Release|x64.ActiveCfg = Release|Any CPU
		{B2516576-27C6-4AD7-93DC-7F3DD9E1B06E}.Release|x64.Build.0 = Release|Any CPU
		{B2516576-27C6-4AD7-93DC-7F3DD9E1B06E}.Release|x64.Deploy.0 = Release|Any CPU
		{B2516576-27C6-4AD7-93DC-7F3DD9E1B06E}.Release|x86.ActiveCfg = Release|Any CPU
		{B2516576-27C6-4AD7-93DC-7F3DD9E1B06E}.Release|x86.Build.0 = Release|Any CPU
		{B2516576-27C6-4AD7-93DC-7F3DD9E1B06E}.Release|x86.Deploy.0 = Release|Any CPU
		{EDE337AC-9741-4B41-9540-A1500611BD43}.Ad-Hoc|Any CPU.ActiveCfg = Ad-Hoc|iPhone
		{EDE337AC-9741-4B41-9540-A1500611BD43}.Ad-Hoc|Any CPU.Build.0 = Ad-Hoc|iPhone
		{EDE337AC-9741-4B41-9540-A1500611BD43}.Ad-Hoc|Any CPU.Deploy.0 = Ad-Hoc|iPhone
		{EDE337AC-9741-4B41-9540-A1500611BD43}.Ad-Hoc|ARM.ActiveCfg = Ad-Hoc|iPhone
		{EDE337AC-9741-4B41-9540-A1500611BD43}.Ad-Hoc|ARM.Build.0 = Ad-Hoc|iPhone
		{EDE337AC-9741-4B41-9540-A1500611BD43}.Ad-Hoc|ARM.Deploy.0 = Ad-Hoc|iPhone
		{EDE337AC-9741-4B41-9540-A1500611BD43}.Ad-Hoc|iPhone.ActiveCfg = Ad-Hoc|iPhone
		{EDE337AC-9741-4B41-9540-A1500611BD43}.Ad-Hoc|iPhone.Build.0 = Ad-Hoc|iPhone
		{EDE337AC-9741-4B41-9540-A1500611BD43}.Ad-Hoc|iPhone.Deploy.0 = Ad-Hoc|iPhone
		{EDE337AC-9741-4B41-9540-A1500611BD43}.Ad-Hoc|iPhoneSimulator.ActiveCfg = Ad-Hoc|iPhoneSimulator
		{EDE337AC-9741-4B41-9540-A1500611BD43}.Ad-Hoc|iPhoneSimulator.Build.0 = Ad-Hoc|iPhoneSimulator
		{EDE337AC-9741-4B41-9540-A1500611BD43}.Ad-Hoc|iPhoneSimulator.Deploy.0 = Ad-Hoc|iPhoneSimulator
		{EDE337AC-9741-4B41-9540-A1500611BD43}.Ad-Hoc|x64.ActiveCfg = Ad-Hoc|iPhone
		{EDE337AC-9741-4B41-9540-A1500611BD43}.Ad-Hoc|x64.Build.0 = Ad-Hoc|iPhone
		{EDE337AC-9741-4B41-9540-A1500611BD43}.Ad-Hoc|x64.Deploy.0 = Ad-Hoc|iPhone
		{EDE337AC-9741-4B41-9540-A1500611BD43}.Ad-Hoc|x86.ActiveCfg = Ad-Hoc|iPhone
		{EDE337AC-9741-4B41-9540-A1500611BD43}.Ad-Hoc|x86.Build.0 = Ad-Hoc|iPhone
		{EDE337AC-9741-4B41-9540-A1500611BD43}.Ad-Hoc|x86.Deploy.0 = Ad-Hoc|iPhone
		{EDE337AC-9741-4B41-9540-A1500611BD43}.AppStore|Any CPU.ActiveCfg = AppStore|iPhone
		{EDE337AC-9741-4B41-9540-A1500611BD43}.AppStore|Any CPU.Build.0 = AppStore|iPhone
		{EDE337AC-9741-4B41-9540-A1500611BD43}.AppStore|Any CPU.Deploy.0 = AppStore|iPhone
		{EDE337AC-9741-4B41-9540-A1500611BD43}.AppStore|ARM.ActiveCfg = AppStore|iPhone
		{EDE337AC-9741-4B41-9540-A1500611BD43}.AppStore|ARM.Build.0 = AppStore|iPhone
		{EDE337AC-9741-4B41-9540-A1500611BD43}.AppStore|ARM.Deploy.0 = AppStore|iPhone
		{EDE337AC-9741-4B41-9540-A1500611BD43}.AppStore|iPhone.ActiveCfg = AppStore|iPhone
		{EDE337AC-9741-4B41-9540-A1500611BD43}.AppStore|iPhone.Build.0 = AppStore|iPhone
		{EDE337AC-9741-4B41-9540-A1500611BD43}.AppStore|iPhone.Deploy.0 = AppStore|iPhone
		{EDE337AC-9741-4B41-9540-A1500611BD43}.AppStore|iPhoneSimulator.ActiveCfg = AppStore|iPhoneSimulator
		{EDE337AC-9741-4B41-9540-A1500611BD43}.AppStore|iPhoneSimulator.Build.0 = AppStore|iPhoneSimulator
		{EDE337AC-9741-4B41-9540-A1500611BD43}.AppStore|iPhoneSimulator.Deploy.0 = AppStore|iPhoneSimulator
		{EDE337AC-9741-4B41-9540-A1500611BD43}.AppStore|x64.ActiveCfg = AppStore|iPhone
		{EDE337AC-9741-4B41-9540-A1500611BD43}.AppStore|x64.Build.0 = AppStore|iPhone
		{EDE337AC-9741-4B41-9540-A1500611BD43}.AppStore|x64.Deploy.0 = AppStore|iPhone
		{EDE337AC-9741-4B41-9540-A1500611BD43}.AppStore|x86.ActiveCfg = AppStore|iPhone
		{EDE337AC-9741-4B41-9540-A1500611BD43}.AppStore|x86.Build.0 = AppStore|iPhone
		{EDE337AC-9741-4B41-9540-A1500611BD43}.AppStore|x86.Deploy.0 = AppStore|iPhone
		{EDE337AC-9741-4B41-9540-A1500611BD43}.Debug|Any CPU.ActiveCfg = Debug|iPhoneSimulator
		{EDE337AC-9741-4B41-9540-A1500611BD43}.Debug|Any CPU.Build.0 = Debug|iPhoneSimulator
		{EDE337AC-9741-4B41-9540-A1500611BD43}.Debug|Any CPU.Deploy.0 = Debug|iPhoneSimulator
		{EDE337AC-9741-4B41-9540-A1500611BD43}.Debug|ARM.ActiveCfg = Debug|iPhone
		{EDE337AC-9741-4B41-9540-A1500611BD43}.Debug|ARM.Build.0 = Debug|iPhone
		{EDE337AC-9741-4B41-9540-A1500611BD43}.Debug|ARM.Deploy.0 = Debug|iPhone
		{EDE337AC-9741-4B41-9540-A1500611BD43}.Debug|iPhone.ActiveCfg = Debug|iPhone
		{EDE337AC-9741-4B41-9540-A1500611BD43}.Debug|iPhone.Build.0 = Debug|iPhone
		{EDE337AC-9741-4B41-9540-A1500611BD43}.Debug|iPhone.Deploy.0 = Debug|iPhone
		{EDE337AC-9741-4B41-9540-A1500611BD43}.Debug|iPhoneSimulator.ActiveCfg = Debug|iPhoneSimulator
		{EDE337AC-9741-4B41-9540-A1500611BD43}.Debug|iPhoneSimulator.Build.0 = Debug|iPhoneSimulator
		{EDE337AC-9741-4B41-9540-A1500611BD43}.Debug|iPhoneSimulator.Deploy.0 = Debug|iPhoneSimulator
		{EDE337AC-9741-4B41-9540-A1500611BD43}.Debug|x64.ActiveCfg = Debug|iPhone
		{EDE337AC-9741-4B41-9540-A1500611BD43}.Debug|x64.Build.0 = Debug|iPhone
		{EDE337AC-9741-4B41-9540-A1500611BD43}.Debug|x64.Deploy.0 = Debug|iPhone
		{EDE337AC-9741-4B41-9540-A1500611BD43}.Debug|x86.ActiveCfg = Debug|iPhone
		{EDE337AC-9741-4B41-9540-A1500611BD43}.Debug|x86.Build.0 = Debug|iPhone
		{EDE337AC-9741-4B41-9540-A1500611BD43}.Debug|x86.Deploy.0 = Debug|iPhone
		{EDE337AC-9741-4B41-9540-A1500611BD43}.Release|Any CPU.ActiveCfg = Release|iPhone
		{EDE337AC-9741-4B41-9540-A1500611BD43}.Release|Any CPU.Build.0 = Release|iPhone
		{EDE337AC-9741-4B41-9540-A1500611BD43}.Release|Any CPU.Deploy.0 = Release|iPhone
		{EDE337AC-9741-4B41-9540-A1500611BD43}.Release|ARM.ActiveCfg = Release|iPhone
		{EDE337AC-9741-4B41-9540-A1500611BD43}.Release|ARM.Build.0 = Release|iPhone
		{EDE337AC-9741-4B41-9540-A1500611BD43}.Release|ARM.Deploy.0 = Release|iPhone
		{EDE337AC-9741-4B41-9540-A1500611BD43}.Release|iPhone.ActiveCfg = Release|iPhone
		{EDE337AC-9741-4B41-9540-A1500611BD43}.Release|iPhone.Build.0 = Release|iPhone
		{EDE337AC-9741-4B41-9540-A1500611BD43}.Release|iPhone.Deploy.0 = Release|iPhone
		{EDE337AC-9741-4B41-9540-A1500611BD43}.Release|iPhoneSimulator.ActiveCfg = Release|iPhoneSimulator
		{EDE337AC-9741-4B41-9540-A1500611BD43}.Release|iPhoneSimulator.Build.0 = Release|iPhoneSimulator
		{EDE337AC-9741-4B41-9540-A1500611BD43}.Release|iPhoneSimulator.Deploy.0 = Release|iPhoneSimulator
		{EDE337AC-9741-4B41-9540-A1500611BD43}.Release|x64.ActiveCfg = Release|iPhone
		{EDE337AC-9741-4B41-9540-A1500611BD43}.Release|x64.Build.0 = Release|iPhone
		{EDE337AC-9741-4B41-9540-A1500611BD43}.Release|x64.Deploy.0 = Release|iPhone
		{EDE337AC-9741-4B41-9540-A1500611BD43}.Release|x86.ActiveCfg = Release|iPhone
		{EDE337AC-9741-4B41-9540-A1500611BD43}.Release|x86.Build.0 = Release|iPhone
		{EDE337AC-9741-4B41-9540-A1500611BD43}.Release|x86.Deploy.0 = Release|iPhone
		{BD2079BE-3756-47B1-A0C1-4B9C2897C5EA}.Ad-Hoc|Any CPU.ActiveCfg = Release|x86
		{BD2079BE-3756-47B1-A0C1-4B9C2897C5EA}.Ad-Hoc|Any CPU.Build.0 = Release|x86
		{BD2079BE-3756-47B1-A0C1-4B9C2897C5EA}.Ad-Hoc|Any CPU.Deploy.0 = Release|x86
		{BD2079BE-3756-47B1-A0C1-4B9C2897C5EA}.Ad-Hoc|ARM.ActiveCfg = Release|ARM
		{BD2079BE-3756-47B1-A0C1-4B9C2897C5EA}.Ad-Hoc|ARM.Build.0 = Release|ARM
		{BD2079BE-3756-47B1-A0C1-4B9C2897C5EA}.Ad-Hoc|ARM.Deploy.0 = Release|ARM
		{BD2079BE-3756-47B1-A0C1-4B9C2897C5EA}.Ad-Hoc|iPhone.ActiveCfg = Release|x86
		{BD2079BE-3756-47B1-A0C1-4B9C2897C5EA}.Ad-Hoc|iPhone.Build.0 = Release|x86
		{BD2079BE-3756-47B1-A0C1-4B9C2897C5EA}.Ad-Hoc|iPhone.Deploy.0 = Release|x86
		{BD2079BE-3756-47B1-A0C1-4B9C2897C5EA}.Ad-Hoc|iPhoneSimulator.ActiveCfg = Release|x86
		{BD2079BE-3756-47B1-A0C1-4B9C2897C5EA}.Ad-Hoc|iPhoneSimulator.Build.0 = Release|x86
		{BD2079BE-3756-47B1-A0C1-4B9C2897C5EA}.Ad-Hoc|iPhoneSimulator.Deploy.0 = Release|x86
		{BD2079BE-3756-47B1-A0C1-4B9C2897C5EA}.Ad-Hoc|x64.ActiveCfg = Release|x64
		{BD2079BE-3756-47B1-A0C1-4B9C2897C5EA}.Ad-Hoc|x64.Build.0 = Release|x64
		{BD2079BE-3756-47B1-A0C1-4B9C2897C5EA}.Ad-Hoc|x64.Deploy.0 = Release|x64
		{BD2079BE-3756-47B1-A0C1-4B9C2897C5EA}.Ad-Hoc|x86.ActiveCfg = Release|x86
		{BD2079BE-3756-47B1-A0C1-4B9C2897C5EA}.Ad-Hoc|x86.Build.0 = Release|x86
		{BD2079BE-3756-47B1-A0C1-4B9C2897C5EA}.Ad-Hoc|x86.Deploy.0 = Release|x86
		{BD2079BE-3756-47B1-A0C1-4B9C2897C5EA}.AppStore|Any CPU.ActiveCfg = Release|x86
		{BD2079BE-3756-47B1-A0C1-4B9C2897C5EA}.AppStore|Any CPU.Build.0 = Release|x86
		{BD2079BE-3756-47B1-A0C1-4B9C2897C5EA}.AppStore|Any CPU.Deploy.0 = Release|x86
		{BD2079BE-3756-47B1-A0C1-4B9C2897C5EA}.AppStore|ARM.ActiveCfg = Release|ARM
		{BD2079BE-3756-47B1-A0C1-4B9C2897C5EA}.AppStore|ARM.Build.0 = Release|ARM
		{BD2079BE-3756-47B1-A0C1-4B9C2897C5EA}.AppStore|ARM.Deploy.0 = Release|ARM
		{BD2079BE-3756-47B1-A0C1-4B9C2897C5EA}.AppStore|iPhone.ActiveCfg = Release|x86
		{BD2079BE-3756-47B1-A0C1-4B9C2897C5EA}.AppStore|iPhone.Build.0 = Release|x86
		{BD2079BE-3756-47B1-A0C1-4B9C2897C5EA}.AppStore|iPhone.Deploy.0 = Release|x86
		{BD2079BE-3756-47B1-A0C1-4B9C2897C5EA}.AppStore|iPhoneSimulator.ActiveCfg = Release|x86
		{BD2079BE-3756-47B1-A0C1-4B9C2897C5EA}.AppStore|iPhoneSimulator.Build.0 = Release|x86
		{BD2079BE-3756-47B1-A0C1-4B9C2897C5EA}.AppStore|iPhoneSimulator.Deploy.0 = Release|x86
		{BD2079BE-3756-47B1-A0C1-4B9C2897C5EA}.AppStore|x64.ActiveCfg = Release|x64
		{BD2079BE-3756-47B1-A0C1-4B9C2897C5EA}.AppStore|x64.Build.0 = Release|x64
		{BD2079BE-3756-47B1-A0C1-4B9C2897C5EA}.AppStore|x64.Deploy.0 = Release|x64
		{BD2079BE-3756-47B1-A0C1-4B9C2897C5EA}.AppStore|x86.ActiveCfg = Release|x86
		{BD2079BE-3756-47B1-A0C1-4B9C2897C5EA}.AppStore|x86.Build.0 = Release|x86
		{BD2079BE-3756-47B1-A0C1-4B9C2897C5EA}.AppStore|x86.Deploy.0 = Release|x86
		{BD2079BE-3756-47B1-A0C1-4B9C2897C5EA}.Debug|Any CPU.ActiveCfg = Debug|x86
		{BD2079BE-3756-47B1-A0C1-4B9C2897C5EA}.Debug|Any CPU.Build.0 = Debug|x86
		{BD2079BE-3756-47B1-A0C1-4B9C2897C5EA}.Debug|Any CPU.Deploy.0 = Debug|x86
		{BD2079BE-3756-47B1-A0C1-4B9C2897C5EA}.Debug|ARM.ActiveCfg = Debug|ARM
		{BD2079BE-3756-47B1-A0C1-4B9C2897C5EA}.Debug|ARM.Build.0 = Debug|ARM
		{BD2079BE-3756-47B1-A0C1-4B9C2897C5EA}.Debug|ARM.Deploy.0 = Debug|ARM
		{BD2079BE-3756-47B1-A0C1-4B9C2897C5EA}.Debug|iPhone.ActiveCfg = Debug|x86
		{BD2079BE-3756-47B1-A0C1-4B9C2897C5EA}.Debug|iPhone.Build.0 = Debug|x86
		{BD2079BE-3756-47B1-A0C1-4B9C2897C5EA}.Debug|iPhone.Deploy.0 = Debug|x86
		{BD2079BE-3756-47B1-A0C1-4B9C2897C5EA}.Debug|iPhoneSimulator.ActiveCfg = Debug|x86
		{BD2079BE-3756-47B1-A0C1-4B9C2897C5EA}.Debug|iPhoneSimulator.Build.0 = Debug|x86
		{BD2079BE-3756-47B1-A0C1-4B9C2897C5EA}.Debug|iPhoneSimulator.Deploy.0 = Debug|x86
		{BD2079BE-3756-47B1-A0C1-4B9C2897C5EA}.Debug|x64.ActiveCfg = Debug|x64
		{BD2079BE-3756-47B1-A0C1-4B9C2897C5EA}.Debug|x64.Build.0 = Debug|x64
		{BD2079BE-3756-47B1-A0C1-4B9C2897C5EA}.Debug|x64.Deploy.0 = Debug|x64
		{BD2079BE-3756-47B1-A0C1-4B9C2897C5EA}.Debug|x86.ActiveCfg = Debug|x86
		{BD2079BE-3756-47B1-A0C1-4B9C2897C5EA}.Debug|x86.Build.0 = Debug|x86
		{BD2079BE-3756-47B1-A0C1-4B9C2897C5EA}.Debug|x86.Deploy.0 = Debug|x86
		{BD2079BE-3756-47B1-A0C1-4B9C2897C5EA}.Release|Any CPU.ActiveCfg = Release|x86
		{BD2079BE-3756-47B1-A0C1-4B9C2897C5EA}.Release|Any CPU.Build.0 = Release|x86
		{BD2079BE-3756-47B1-A0C1-4B9C2897C5EA}.Release|Any CPU.Deploy.0 = Release|x86
		{BD2079BE-3756-47B1-A0C1-4B9C2897C5EA}.Release|ARM.ActiveCfg = Release|ARM
		{BD2079BE-3756-47B1-A0C1-4B9C2897C5EA}.Release|ARM.Build.0 = Release|ARM
		{BD2079BE-3756-47B1-A0C1-4B9C2897C5EA}.Release|ARM.Deploy.0 = Release|ARM
		{BD2079BE-3756-47B1-A0C1-4B9C2897C5EA}.Release|iPhone.ActiveCfg = Release|x86
		{BD2079BE-3756-47B1-A0C1-4B9C2897C5EA}.Release|iPhone.Build.0 = Release|x86
		{BD2079BE-3756-47B1-A0C1-4B9C2897C5EA}.Release|iPhone.Deploy.0 = Release|x86
		{BD2079BE-3756-47B1-A0C1-4B9C2897C5EA}.Release|iPhoneSimulator.ActiveCfg = Release|x86
		{BD2079BE-3756-47B1-A0C1-4B9C2897C5EA}.Release|iPhoneSimulator.Build.0 = Release|x86
		{BD2079BE-3756-47B1-A0C1-4B9C2897C5EA}.Release|iPhoneSimulator.Deploy.0 = Release|x86
		{BD2079BE-3756-47B1-A0C1-4B9C2897C5EA}.Release|x64.ActiveCfg = Release|x64
		{BD2079BE-3756-47B1-A0C1-4B9C2897C5EA}.Release|x64.Build.0 = Release|x64
		{BD2079BE-3756-47B1-A0C1-4B9C2897C5EA}.Release|x64.Deploy.0 = Release|x64
		{BD2079BE-3756-47B1-A0C1-4B9C2897C5EA}.Release|x86.ActiveCfg = Release|x86
		{BD2079BE-3756-47B1-A0C1-4B9C2897C5EA}.Release|x86.Build.0 = Release|x86
		{BD2079BE-3756-47B1-A0C1-4B9C2897C5EA}.Release|x86.Deploy.0 = Release|x86
	EndGlobalSection
	GlobalSection(SolutionProperties) = preSolution
		HideSolutionNode = FALSE
	EndGlobalSection
	GlobalSection(ExtensibilityGlobals) = postSolution
		SolutionGuid = {8D9A65E3-6D50-4D9B-BEE8-E1A704941659}
	EndGlobalSection
EndGlobal
